
Microsoft Visual Studio Solution File, Format Version 12.00
# Visual Studio 15
VisualStudioVersion = 15.0.28307.852
MinimumVisualStudioVersion = 10.0.40219.1
Project("{8BC9CEB8-8B4A-11D0-8D11-00A0C91BC942}") = "GenAlg", "GenAlg\GenAlg.vcxproj", "{510CDBB6-6D6A-4B33-B22F-07713779900A}"
EndProject
Global
	GlobalSection(SolutionConfigurationPlatforms) = preSolution
		Debug|x64 = Debug|x64
		Debug|x86 = Debug|x86
		Release|x64 = Release|x64
		Release|x86 = Release|x86
	EndGlobalSection
	GlobalSection(ProjectConfigurationPlatforms) = postSolution
		{510CDBB6-6D6A-4B33-B22F-07713779900A}.Debug|x64.ActiveCfg = Debug|x64
		{510CDBB6-6D6A-4B33-B22F-07713779900A}.Debug|x64.Build.0 = Debug|x64
		{510CDBB6-6D6A-4B33-B22F-07713779900A}.Debug|x86.ActiveCfg = Debug|Win32
		{510CDBB6-6D6A-4B33-B22F-07713779900A}.Debug|x86.Build.0 = Debug|Win32
		{510CDBB6-6D6A-4B33-B22F-07713779900A}.Release|x64.ActiveCfg = Release|x64
		{510CDBB6-6D6A-4B33-B22F-07713779900A}.Release|x64.Build.0 = Release|x64
		{510CDBB6-6D6A-4B33-B22F-07713779900A}.Release|x86.ActiveCfg = Release|Win32
		{510CDBB6-6D6A-4B33-B22F-07713779900A}.Release|x86.Build.0 = Release|Win32
	EndGlobalSection
	GlobalSection(SolutionProperties) = preSolution
		HideSolutionNode = FALSE
	EndGlobalSection
	GlobalSection(ExtensibilityGlobals) = postSolution
		SolutionGuid = {D2B92A0F-2C5B-4ABA-96AB-AC87984C9A83}
	EndGlobalSection
EndGlobal
